Microsoft Visual Studio Solution File, Format Version 12.00
# Visual Studio Version 17
VisualStudioVersion = 17.5.2.0
MinimumVisualStudioVersion = 10.0.40219.1
Project("{2150E333-8FDC-42A3-9474-1A3956D46DE8}") = "Backend", "Backend", "{1AE8ACA6-933B-BF2A-3671-3E2EAC007D16}"
EndProject
Project("{FAE04EC0-301F-11D3-BF4B-00C04F79EFBC}") = "QueryBuilderAPI", "Backend\QueryBuilderAPI\QueryBuilderAPI.csproj", "{CA4C9C22-6DC1-3089-527A-01FF715B5E7D}"
EndProject
Global
	GlobalSection(SolutionConfigurationPlatforms) = preSolution
		Debug|Any CPU = Debug|Any CPU
		Release|Any CPU = Release|Any CPU
	EndGlobalSection
	GlobalSection(ProjectConfigurationPlatforms) = postSolution
		{CA4C9C22-6DC1-3089-527A-01FF715B5E7D}.Debug|Any CPU.ActiveCfg = Debug|Any CPU
		{CA4C9C22-6DC1-3089-527A-01FF715B5E7D}.Debug|Any CPU.Build.0 = Debug|Any CPU
		{CA4C9C22-6DC1-3089-527A-01FF715B5E7D}.Release|Any CPU.ActiveCfg = Release|Any CPU
		{CA4C9C22-6DC1-3089-527A-01FF715B5E7D}.Release|Any CPU.Build.0 = Release|Any CPU
	EndGlobalSection
	GlobalSection(SolutionProperties) = preSolution
		HideSolutionNode = FALSE
	EndGlobalSection
	GlobalSection(NestedProjects) = preSolution
		{CA4C9C22-6DC1-3089-527A-01FF715B5E7D} = {1AE8ACA6-933B-BF2A-3671-3E2EAC007D16}
	EndGlobalSection
	GlobalSection(ExtensibilityGlobals) = postSolution
		SolutionGuid = {A3D378F2-FB73-40F6-9541-D9CE4577E3D1}
	EndGlobalSection
EndGlobal
